
Microsoft Visual Studio Solution File, Format Version 12.00
# Visual Studio Version 17
VisualStudioVersion = 17.4.33213.308
MinimumVisualStudioVersion = 10.0.40219.1
Project("{FAE04EC0-301F-11D3-BF4B-00C04F79EFBC}") = "ConsolaKiosco", "ConsolaKiosco\ConsolaKiosco.csproj", "{BFF6DBE4-AB6D-4404-846F-0EF4E36B2FC9}"
EndProject
Project("{FAE04EC0-301F-11D3-BF4B-00C04F79EFBC}") = "BibliotecaClasesKiosco", "BibliotecaClasesKiosco\BibliotecaClasesKiosco.csproj", "{AE0252E4-18BE-4342-9630-B973E92D56E3}"
EndProject
Project("{FAE04EC0-301F-11D3-BF4B-00C04F79EFBC}") = "WindowsFormsAppKiosco", "WindowsFormsAppKiosco\WindowsFormsAppKiosco.csproj", "{E69A351C-8F56-49FD-B8E9-BF55C19CE8DD}"
EndProject
Global
	GlobalSection(SolutionConfigurationPlatforms) = preSolution
		Debug|Any CPU = Debug|Any CPU
		Release|Any CPU = Release|Any CPU
	EndGlobalSection
	GlobalSection(ProjectConfigurationPlatforms) = postSolution
		{BFF6DBE4-AB6D-4404-846F-0EF4E36B2FC9}.Debug|Any CPU.ActiveCfg = Debug|Any CPU
		{BFF6DBE4-AB6D-4404-846F-0EF4E36B2FC9}.Debug|Any CPU.Build.0 = Debug|Any CPU
		{BFF6DBE4-AB6D-4404-846F-0EF4E36B2FC9}.Release|Any CPU.ActiveCfg = Release|Any CPU
		{BFF6DBE4-AB6D-4404-846F-0EF4E36B2FC9}.Release|Any CPU.Build.0 = Release|Any CPU
		{AE0252E4-18BE-4342-9630-B973E92D56E3}.Debug|Any CPU.ActiveCfg = Debug|Any CPU
		{AE0252E4-18BE-4342-9630-B973E92D56E3}.Debug|Any CPU.Build.0 = Debug|Any CPU
		{AE0252E4-18BE-4342-9630-B973E92D56E3}.Release|Any CPU.ActiveCfg = Release|Any CPU
		{AE0252E4-18BE-4342-9630-B973E92D56E3}.Release|Any CPU.Build.0 = Release|Any CPU
		{E69A351C-8F56-49FD-B8E9-BF55C19CE8DD}.Debug|Any CPU.ActiveCfg = Debug|Any CPU
		{E69A351C-8F56-49FD-B8E9-BF55C19CE8DD}.Debug|Any CPU.Build.0 = Debug|Any CPU
		{E69A351C-8F56-49FD-B8E9-BF55C19CE8DD}.Release|Any CPU.ActiveCfg = Release|Any CPU
		{E69A351C-8F56-49FD-B8E9-BF55C19CE8DD}.Release|Any CPU.Build.0 = Release|Any CPU
	EndGlobalSection
	GlobalSection(SolutionProperties) = preSolution
		HideSolutionNode = FALSE
	EndGlobalSection
	GlobalSection(ExtensibilityGlobals) = postSolution
		SolutionGuid = {2D33C584-AAF6-4C7E-BFC5-F940C0E8D208}
	EndGlobalSection
EndGlobal
